<?xml version="1.0" encoding="utf-8"?>
<Project ToolsVersion="4.0" xmlns="http://schemas.microsoft.com/developer/msbuild/2003">
  <ItemGroup>
    <Filter Include="Havoc">
      <UniqueIdentifier>{D6194D0D-422E-75BE-0BB0-181E778371EF}</UniqueIdentifier>
    </Filter>
    <Filter Include="Havoc\Core">
      <UniqueIdentifier>{EED30DAD-DA8B-4FFA-4393-28562F6AEAEA}</UniqueIdentifier>
    </Filter>
    <Filter Include="Havoc\Events">
      <UniqueIdentifier>{FA98F42C-E6FB-83D1-8F81-BC877BC34F54}</UniqueIdentifier>
    </Filter>
    <Filter Include="Platform">
      <UniqueIdentifier>{2AC788B4-1694-E3BF-3FAD-D1672BD9184E}</UniqueIdentifier>
    </Filter>
  </ItemGroup>
  <ItemGroup>
    <ClInclude Include="Src\Havoc.h" />
    <ClInclude Include="Src\Havoc\Core\Application.h">
      <Filter>Havoc\Core</Filter>
    </ClInclude>
    <ClInclude Include="Src\Havoc\Core\EntryPoint.h">
      <Filter>Havoc\Core</Filter>
    </ClInclude>
    <ClInclude Include="Src\Havoc\Core\KeyCodes.h">
      <Filter>Havoc\Core</Filter>
    </ClInclude>
    <ClInclude Include="Src\Havoc\Core\Log.h">
      <Filter>Havoc\Core</Filter>
    </ClInclude>
    <ClInclude Include="Src\Havoc\Core\Logger.h">
      <Filter>Havoc\Core</Filter>
    </ClInclude>
    <ClInclude Include="Src\Havoc\Core\Window.h">
      <Filter>Havoc\Core</Filter>
    </ClInclude>
    <ClInclude Include="Src\Havoc\Events\Event.h">
      <Filter>Havoc\Events</Filter>
    </ClInclude>
    <ClInclude Include="Src\Havoc\Events\KeyEvent.h">
      <Filter>Havoc\Events</Filter>
    </ClInclude>
    <ClInclude Include="Src\Platform\Win32.h">
      <Filter>Platform</Filter>
    </ClInclude>
  </ItemGroup>
  <ItemGroup>
    <ClCompile Include="Src\Havoc\Core\Application.cpp">
      <Filter>Havoc\Core</Filter>
    </ClCompile>
    <ClCompile Include="Src\Havoc\Core\Log.cpp">
      <Filter>Havoc\Core</Filter>
    </ClCompile>
    <ClCompile Include="Src\Havoc\Core\Window.cpp">
      <Filter>Havoc\Core</Filter>
    </ClCompile>
    <ClCompile Include="Src\Platform\Win32.cpp">
      <Filter>Platform</Filter>
    </ClCompile>
  </ItemGroup>
</Project>